
Microsoft Visual Studio Solution File, Format Version 12.00
# Visual Studio Version 17
VisualStudioVersion = 17.7.34031.279
MinimumVisualStudioVersion = 10.0.40219.1
Project("{FAE04EC0-301F-11D3-BF4B-00C04F79EFBC}") = "APIwithArchitecture&DI&ExHandling2", "APIwithArchitecture&DI&ExHandling2\APIwithArchitecture&DI&ExHandling2.csproj", "{1EC3EC4A-A16F-4493-BFA0-B375FB901038}"
EndProject
Global
	GlobalSection(SolutionConfigurationPlatforms) = preSolution
		Debug|Any CPU = Debug|Any CPU
		Release|Any CPU = Release|Any CPU
	EndGlobalSection
	GlobalSection(ProjectConfigurationPlatforms) = postSolution
		{1EC3EC4A-A16F-4493-BFA0-B375FB901038}.Debug|Any CPU.ActiveCfg = Debug|Any CPU
		{1EC3EC4A-A16F-4493-BFA0-B375FB901038}.Debug|Any CPU.Build.0 = Debug|Any CPU
		{1EC3EC4A-A16F-4493-BFA0-B375FB901038}.Release|Any CPU.ActiveCfg = Release|Any CPU
		{1EC3EC4A-A16F-4493-BFA0-B375FB901038}.Release|Any CPU.Build.0 = Release|Any CPU
	EndGlobalSection
	GlobalSection(SolutionProperties) = preSolution
		HideSolutionNode = FALSE
	EndGlobalSection
	GlobalSection(ExtensibilityGlobals) = postSolution
		SolutionGuid = {1129E2D2-9ADD-4518-9E6C-B4D6C384664E}
	EndGlobalSection
EndGlobal
