
Microsoft Visual Studio Solution File, Format Version 12.00
# Visual Studio Version 17
VisualStudioVersion = 17.7.34221.43
MinimumVisualStudioVersion = 10.0.40219.1
Project("{FAE04EC0-301F-11D3-BF4B-00C04F79EFBC}") = "WebEFAPI_2", "WebEFAPI_2\WebEFAPI_2.csproj", "{FD612DB1-3A0C-474E-8209-1AAB9F5D570B}"
EndProject
Global
	GlobalSection(SolutionConfigurationPlatforms) = preSolution
		Debug|Any CPU = Debug|Any CPU
		Release|Any CPU = Release|Any CPU
	EndGlobalSection
	GlobalSection(ProjectConfigurationPlatforms) = postSolution
		{FD612DB1-3A0C-474E-8209-1AAB9F5D570B}.Debug|Any CPU.ActiveCfg = Debug|Any CPU
		{FD612DB1-3A0C-474E-8209-1AAB9F5D570B}.Debug|Any CPU.Build.0 = Debug|Any CPU
		{FD612DB1-3A0C-474E-8209-1AAB9F5D570B}.Release|Any CPU.ActiveCfg = Release|Any CPU
		{FD612DB1-3A0C-474E-8209-1AAB9F5D570B}.Release|Any CPU.Build.0 = Release|Any CPU
	EndGlobalSection
	GlobalSection(SolutionProperties) = preSolution
		HideSolutionNode = FALSE
	EndGlobalSection
	GlobalSection(ExtensibilityGlobals) = postSolution
		SolutionGuid = {D61AA06E-5701-40E1-ABD5-D3DBFFB7A0BE}
	EndGlobalSection
EndGlobal
