
Microsoft Visual Studio Solution File, Format Version 12.00
# Visual Studio Version 17
VisualStudioVersion = 17.7.34031.279
MinimumVisualStudioVersion = 10.0.40219.1
Project("{FAE04EC0-301F-11D3-BF4B-00C04F79EFBC}") = "APIwithArchitecture&DI&ExHandling", "APIwithArchitecture&DI&ExHandling\APIwithArchitecture&DI&ExHandling.csproj", "{16EB7C55-F7E4-4EFF-8D90-C95D00CCEF08}"
EndProject
Global
	GlobalSection(SolutionConfigurationPlatforms) = preSolution
		Debug|Any CPU = Debug|Any CPU
		Release|Any CPU = Release|Any CPU
	EndGlobalSection
	GlobalSection(ProjectConfigurationPlatforms) = postSolution
		{16EB7C55-F7E4-4EFF-8D90-C95D00CCEF08}.Debug|Any CPU.ActiveCfg = Debug|Any CPU
		{16EB7C55-F7E4-4EFF-8D90-C95D00CCEF08}.Debug|Any CPU.Build.0 = Debug|Any CPU
		{16EB7C55-F7E4-4EFF-8D90-C95D00CCEF08}.Release|Any CPU.ActiveCfg = Release|Any CPU
		{16EB7C55-F7E4-4EFF-8D90-C95D00CCEF08}.Release|Any CPU.Build.0 = Release|Any CPU
	EndGlobalSection
	GlobalSection(SolutionProperties) = preSolution
		HideSolutionNode = FALSE
	EndGlobalSection
	GlobalSection(ExtensibilityGlobals) = postSolution
		SolutionGuid = {B669728C-1F30-4538-9E83-83A1274393CC}
	EndGlobalSection
EndGlobal
